// !$*UTF8*$!
{
	archiveVersion = 1;
	classes = {
	};
	objectVersion = 46;
	objects = {

/* Begin PBXBuildFile section */
		1CCCF1151E15567900D8C450 /* AppDelegate.swift in Sources */ = {isa = PBXBuildFile; fileRef = 1CCCF1141E15567900D8C450 /* AppDelegate.swift */; };
		1CCCF1171E15567900D8C450 /* ViewController.swift in Sources */ = {isa = PBXBuildFile; fileRef = 1CCCF1161E15567900D8C450 /* ViewController.swift */; };
		1CCCF11A1E15567900D8C450 /* Main.storyboard in Resources */ = {isa = PBXBuildFile; fileRef = 1CCCF1181E15567900D8C450 /* Main.storyboard */; };
		1CCCF11D1E15567900D8C450 /* ANMemo.xcdatamodeld in Sources */ = {isa = PBXBuildFile; fileRef = 1CCCF11B1E15567900D8C450 /* ANMemo.xcdatamodeld */; };
		1CCCF11F1E15567900D8C450 /* Assets.xcassets in Resources */ = {isa = PBXBuildFile; fileRef = 1CCCF11E1E15567900D8C450 /* Assets.xcassets */; };
		1CCCF1221E15567900D8C450 /* LaunchScreen.storyboard in Resources */ = {isa = PBXBuildFile; fileRef = 1CCCF1201E15567900D8C450 /* LaunchScreen.storyboard */; };
/* End PBXBuildFile section */

/* Begin PBXFileReference section */
		1CCCF1111E15567900D8C450 /* ANMemo.app */ = {isa = PBXFileReference; explicitFileType = wrapper.application; includeInIndex = 0; path = ANMemo.app; sourceTree = BUILT_PRODUCTS_DIR; };
		1CCCF1141E15567900D8C450 /* AppDelegate.swift */ = {isa = PBXFileReference; lastKnownFileType = sourcecode.swift; path = AppDelegate.swift; sourceTree = "<group>"; };
		1CCCF1161E15567900D8C450 /* ViewController.swift */ = {isa = PBXFileReference; lastKnownFileType = sourcecode.swift; path = ViewController.swift; sourceTree = "<group>"; };
		1CCCF1191E15567900D8C450 /* Base */ = {isa = PBXFileReference; lastKnownFileType = file.storyboard; name = Base; path = Base.lproj/Main.storyboard; sourceTree = "<group>"; };
		1CCCF11C1E15567900D8C450 /* ANMemo.xcdatamodel */ = {isa = PBXFileReference; lastKnownFileType = wrapper.xcdatamodel; path = ANMemo.xcdatamodel; sourceTree = "<group>"; };
		1CCCF11E1E15567900D8C450 /* Assets.xcassets */ = {isa = PBXFileReference; lastKnownFileType = folder.assetcatalog; path = Assets.xcassets; sourceTree = "<group>"; };
		1CCCF1211E15567900D8C450 /* Base */ = {isa = PBXFileReference; lastKnownFileType = file.storyboard; name = Base; path = Base.lproj/LaunchScreen.storyboard; sourceTree = "<group>"; };
		1CCCF1231E15567900D8C450 /* Info.plist */ = {isa = PBXFileReference; lastKnownFileType = text.plist.xml; path = Info.plist; sourceTree = "<group>"; };
/* End PBXFileReference section */

/* Begin PBXFrameworksBuildPhase section */
		1CCCF10E1E15567700D8C450 /* Frameworks */ = {
			isa = PBXFrameworksBuildPhase;
			buildActionMask = 2147483647;
			files = (
			);
			runOnlyForDeploymentPostprocessing = 0;
		};
/* End PBXFrameworksBuildPhase section */

/* Begin PBXGroup section */
		1CCCF1081E15567700D8C450 = {
			isa = PBXGroup;
			children = (
				1CCCF1131E15567900D8C450 /* ANMemo */,
				1CCCF1121E15567900D8C450 /* Products */,
			);
			sourceTree = "<group>";
		};
		1CCCF1121E15567900D8C450 /* Products */ = {
			isa = PBXGroup;
			children = (
				1CCCF1111E15567900D8C450 /* ANMemo.app */,
			);
			name = Products;
			sourceTree = "<group>";
		};
		1CCCF1131E15567900D8C450 /* ANMemo */ = {
			isa = PBXGroup;
			children = (
				1CCCF1141E15567900D8C450 /* AppDelegate.swift */,
				1CCCF1161E15567900D8C450 /* ViewController.swift */,
				1CCCF1181E15567900D8C450 /* Main.storyboard */,
				1CCCF11E1E15567900D8C450 /* Assets.xcassets */,
				1CCCF1201E15567900D8C450 /* LaunchScreen.storyboard */,
				1CCCF1231E15567900D8C450 /* Info.plist */,
				1CCCF11B1E15567900D8C450 /* ANMemo.xcdatamodeld */,
			);
			path = ANMemo;
			sourceTree = "<group>";
		};
/* End PBXGroup section */

/* Begin PBXNativeTarget section */
		1CCCF1101E15567700D8C450 /* ANMemo */ = {
			isa = PBXNativeTarget;
			buildConfigurationList = 1CCCF1261E15567900D8C450 /* Build configuration list for PBXNativeTarget "ANMemo" */;
			buildPhases = (
				1CCCF10D1E15567700D8C450 /* Sources */,
				1CCCF10E1E15567700D8C450 /* Frameworks */,
				1CCCF10F1E15567700D8C450 /* Resources */,
			);
			buildRules = (
			);
			dependencies = (
			);
			name = ANMemo;
			productName = ANMemo;
			productReference = 1CCCF1111E15567900D8C450 /* ANMemo.app */;
			productType = "com.apple.product-type.application";
		};
/* End PBXNativeTarget section */

/* Begin PBXProject section */
		1CCCF1091E15567700D8C450 /* Project object */ = {
			isa = PBXProject;
			attributes = {
				LastSwiftUpdateCheck = 0820;
				LastUpgradeCheck = 0820;
				ORGANIZATIONNAME = sooop;
				TargetAttributes = {
					1CCCF1101E15567700D8C450 = {
						CreatedOnToolsVersion = 8.2;
						ProvisioningStyle = Automatic;
					};
				};
			};
			buildConfigurationList = 1CCCF10C1E15567700D8C450 /* Build configuration list for PBXProject "ANMemo" */;
			compatibilityVersion = "Xcode 3.2";
			developmentRegion = English;
			hasScannedForEncodings = 0;
			knownRegions = (
				en,
				Base,
			);
			mainGroup = 1CCCF1081E15567700D8C450;
			productRefGroup = 1CCCF1121E15567900D8C450 /* Products */;
			projectDirPath = "";
			projectRoot = "";
			targets = (
				1CCCF1101E15567700D8C450 /* ANMemo */,
			);
		};
/* End PBXProject section */

/* Begin PBXResourcesBuildPhase section */
		1CCCF10F1E15567700D8C450 /* Resources */ = {
			isa = PBXResourcesBuildPhase;
			buildActionMask = 2147483647;
			files = (
				1CCCF1221E15567900D8C450 /* LaunchScreen.storyboard in Resources */,
				1CCCF11F1E15567900D8C450 /* Assets.xcassets in Resources */,
				1CCCF11A1E15567900D8C450 /* Main.storyboard in Resources */,
			);
			runOnlyForDeploymentPostprocessing = 0;
		};
/* End PBXResourcesBuildPhase section */

/* Begin PBXSourcesBuildPhase section */
		1CCCF10D1E15567700D8C450 /* Sources */ = {
			isa = PBXSourcesBuildPhase;
			buildActionMask = 2147483647;
			files = (
				1CCCF1171E15567900D8C450 /* ViewController.swift in Sources */,
				1CCCF11D1E15567900D8C450 /* ANMemo.xcdatamodeld in Sources */,
				1CCCF1151E15567900D8C450 /* AppDelegate.swift in Sources */,
			);
			runOnlyForDeploymentPostprocessing = 0;
		};
/* End PBXSourcesBuildPhase section */

/* Begin PBXVariantGroup section */
		1CCCF1181E15567900D8C450 /* Main.storyboard */ = {
			isa = PBXVariantGroup;
			children = (
				1CCCF1191E15567900D8C450 /* Base */,
			);
			name = Main.storyboard;
			sourceTree = "<group>";
		};
		1CCCF1201E15567900D8C450 /* LaunchScreen.storyboard */ = {
			isa = PBXVariantGroup;
			children = (
				1CCCF1211E15567900D8C450 /* Base */,
			);
			name = LaunchScreen.storyboard;
			sourceTree = "<group>";
		};
/* End PBXVariantGroup section */

/* Begin XCBuildConfiguration section */
		1CCCF1241E15567900D8C450 /* Debug */ = {
			isa = XCBuildConfiguration;
			buildSettings = {
				ALWAYS_SEARCH_USER_PATHS = NO;
				CLANG_ANALYZER_NONNULL = YES;
				CLANG_CXX_LANGUAGE_STANDARD = "gnu++0x";
				CLANG_CXX_LIBRARY = "libc++";
				CLANG_ENABLE_MODULES = YES;
				CLANG_ENABLE_OBJC_ARC = YES;
				CLANG_WARN_BOOL_CONVERSION = YES;
				CLANG_WARN_CONSTANT_CONVERSION = YES;
				CLANG_WARN_DIRECT_OBJC_ISA_USAGE = YES_ERROR;
				CLANG_WARN_DOCUMENTATION_COMMENTS = YES;
				CLANG_WARN_EMPTY_BODY = YES;
				CLANG_WARN_ENUM_CONVERSION = YES;
				CLANG_WARN_INFINITE_RECURSION = YES;
				CLANG_WARN_INT_CONVERSION = YES;
				CLANG_WARN_OBJC_ROOT_CLASS = YES_ERROR;
				CLANG_WARN_SUSPICIOUS_MOVE = YES;
				CLANG_WARN_UNREACHABLE_CODE = YES;
				CLANG_WARN__DUPLICATE_METHOD_MATCH = YES;
				"CODE_SIGN_IDENTITY[sdk=iphoneos*]" = "iPhone Developer";
				COPY_PHASE_STRIP = NO;
				DEBUG_INFORMATION_FORMAT = dwarf;
				ENABLE_STRICT_OBJC_MSGSEND = YES;
				ENABLE_TESTABILITY = YES;
				GCC_C_LANGUAGE_STANDARD = gnu99;
				GCC_DYNAMIC_NO_PIC = NO;
				GCC_NO_COMMON_BLOCKS = YES;
				GCC_OPTIMIZATION_LEVEL = 0;
				GCC_PREPROCESSOR_DEFINITIONS = (
					"DEBUG=1",
					"$(inherited)",
				);
				GCC_WARN_64_TO_32_BIT_CONVERSION = YES;
				GCC_WARN_ABOUT_RETURN_TYPE = YES_ERROR;
				GCC_WARN_UNDECLARED_SELECTOR = YES;
				GCC_WARN_UNINITIALIZED_AUTOS = YES_AGGRESSIVE;
				GCC_WARN_UNUSED_FUNCTION = YES;
				GCC_WARN_UNUSED_VARIABLE = YES;
				IPHONEOS_DEPLOYMENT_TARGET = 10.2;
				MTL_ENABLE_DEBUG_INFO = YES;
				ONLY_ACTIVE_ARCH = YES;
				SDKROOT = iphoneos;
				SWIFT_ACTIVE_COMPILATION_CONDITIONS = DEBUG;
				SWIFT_OPTIMIZATION_LEVEL = "-Onone";
			};
			name = Debug;
		};
		1CCCF1251E15567900D8C450 /* Release */ = {
			isa = XCBuildConfiguration;
			buildSettings = {
				ALWAYS_SEARCH_USER_PATHS = NO;
				CLANG_ANALYZER_NONNULL = YES;
				CLANG_CXX_LANGUAGE_STANDARD = "gnu++0x";
				CLANG_CXX_LIBRARY = "libc++";
				CLANG_ENABLE_MODULES = YES;
				CLANG_ENABLE_OBJC_ARC = YES;
				CLANG_WARN_BOOL_CONVERSION = YES;
				CLANG_WARN_CONSTANT_CONVERSION = YES;
				CLANG_WARN_DIRECT_OBJC_ISA_USAGE = YES_ERROR;
				CLANG_WARN_DOCUMENTATION_COMMENTS = YES;
				CLANG_WARN_EMPTY_BODY = YES;
				CLANG_WARN_ENUM_CONVERSION = YES;
				CLANG_WARN_INFINITE_RECURSION = YES;
				CLANG_WARN_INT_CONVERSION = YES;
				CLANG_WARN_OBJC_ROOT_CLASS = YES_ERROR;
				CLANG_WARN_SUSPICIOUS_MOVE = YES;
				CLANG_WARN_UNREACHABLE_CODE = YES;
				CLANG_WARN__DUPLICATE_METHOD_MATCH = YES;
				"CODE_SIGN_IDENTITY[sdk=iphoneos*]" = "iPhone Developer";
				COPY_PHASE_STRIP = NO;
				DEBUG_INFORMATION_FORMAT = "dwarf-with-dsym";
				ENABLE_NS_ASSERTIONS = NO;
				ENABLE_STRICT_OBJC_MSGSEND = YES;
				GCC_C_LANGUAGE_STANDARD = gnu99;
				GCC_NO_COMMON_BLOCKS = YES;
				GCC_WARN_64_TO_32_BIT_CONVERSION = YES;
				GCC_WARN_ABOUT_RETURN_TYPE = YES_ERROR;
				GCC_WARN_UNDECLARED_SELECTOR = YES;
				GCC_WARN_UNINITIALIZED_AUTOS = YES_AGGRESSIVE;
				GCC_WARN_UNUSED_FUNCTION = YES;
				GCC_WARN_UNUSED_VARIABLE = YES;
				IPHONEOS_DEPLOYMENT_TARGET = 10.2;
				MTL_ENABLE_DEBUG_INFO = NO;
				SDKROOT = iphoneos;
				SWIFT_OPTIMIZATION_LEVEL = "-Owholemodule";
				VALIDATE_PRODUCT = YES;
			};
			name = Release;
		};
		1CCCF1271E15567900D8C450 /* Debug */ = {
			isa = XCBuildConfiguration;
			buildSettings = {
				ASSETCATALOG_COMPILER_APPICON_NAME = AppIcon;
				INFOPLIST_FILE = ANMemo/Info.plist;
				LD_RUNPATH_SEARCH_PATHS = "$(inherited) @executable_path/Frameworks";
				PRODUCT_BUNDLE_IDENTIFIER = sooop.ANMemo;
				PRODUCT_NAME = "$(TARGET_NAME)";
				SWIFT_VERSION = 3.0;
			};
			name = Debug;
		};
		1CCCF1281E15567900D8C450 /* Release */ = {
			isa = XCBuildConfiguration;
			buildSettings = {
				ASSETCATALOG_COMPILER_APPICON_NAME = AppIcon;
				INFOPLIST_FILE = ANMemo/Info.plist;
				LD_RUNPATH_SEARCH_PATHS = "$(inherited) @executable_path/Frameworks";
				PRODUCT_BUNDLE_IDENTIFIER = sooop.ANMemo;
				PRODUCT_NAME = "$(TARGET_NAME)";
				SWIFT_VERSION = 3.0;
			};
			name = Release;
		};
/* End XCBuildConfiguration section */

/* Begin XCConfigurationList section */
		1CCCF10C1E15567700D8C450 /* Build configuration list for PBXProject "ANMemo" */ = {
			isa = XCConfigurationList;
			buildConfigurations = (
				1CCCF1241E15567900D8C450 /* Debug */,
				1CCCF1251E15567900D8C450 /* Release */,
			);
			defaultConfigurationIsVisible = 0;
			defaultConfigurationName = Release;
		};
		1CCCF1261E15567900D8C450 /* Build configuration list for PBXNativeTarget "ANMemo" */ = {
			isa = XCConfigurationList;
			buildConfigurations = (
				1CCCF1271E15567900D8C450 /* Debug */,
				1CCCF1281E15567900D8C450 /* Release */,
			);
			defaultConfigurationIsVisible = 0;
		};
/* End XCConfigurationList section */

/* Begin XCVersionGroup section */
		1CCCF11B1E15567900D8C450 /* ANMemo.xcdatamodeld */ = {
			isa = XCVersionGroup;
			children = (
				1CCCF11C1E15567900D8C450 /* ANMemo.xcdatamodel */,
			);
			currentVersion = 1CCCF11C1E15567900D8C450 /* ANMemo.xcdatamodel */;
			path = ANMemo.xcdatamodeld;
			sourceTree = "<group>";
			versionGroupType = wrapper.xcdatamodel;
		};
/* End XCVersionGroup section */
	};
	rootObject = 1CCCF1091E15567700D8C450 /* Project object */;
}
